// !$*UTF8*$!
{
	archiveVersion = 1;
	classes = {
	};
	objectVersion = 77;
	objects = {

/* Begin PBXBuildFile section */
		94E93A482F00704D007FD2BA /* Assets.xcassets in Resources */ = {isa = PBXBuildFile; fileRef = 94E93A402F00704D007FD2BA /* Assets.xcassets */; };
/* End PBXBuildFile section */

/* Begin PBXContainerItemProxy section */
		94E939A22F006512007FD2BA /* PBXContainerItemProxy */ = {
			isa = PBXContainerItemProxy;
			containerPortal = 94E9398C2F006511007FD2BA /* Project object */;
			proxyType = 1;
			remoteGlobalIDString = 94E939932F006511007FD2BA;
			remoteInfo = Swiggy;
		};
		94E939AC2F006512007FD2BA /* PBXContainerItemProxy */ = {
			isa = PBXContainerItemProxy;
			containerPortal = 94E9398C2F006511007FD2BA /* Project object */;
			proxyType = 1;
			remoteGlobalIDString = 94E939932F006511007FD2BA;
			remoteInfo = Swiggy;
		};
/* End PBXContainerItemProxy section */

/* Begin PBXFileReference section */
		94E939942F006511007FD2BA /* Swiggy.app */ = {isa = PBXFileReference; explicitFileType = wrapper.application; includeInIndex = 0; path = Swiggy.app; sourceTree = BUILT_PRODUCTS_DIR; };
		94E939A12F006512007FD2BA /* SwiggyTests.xctest */ = {isa = PBXFileReference; explicitFileType = wrapper.cfbundle; includeInIndex = 0; path = SwiggyTests.xctest; sourceTree = BUILT_PRODUCTS_DIR; };
		94E939AB2F006512007FD2BA /* SwiggyUITests.xctest */ = {isa = PBXFileReference; explicitFileType = wrapper.cfbundle; includeInIndex = 0; path = SwiggyUITests.xctest; sourceTree = BUILT_PRODUCTS_DIR; };
		94E93A402F00704D007FD2BA /* Assets.xcassets */ = {isa = PBXFileReference; lastKnownFileType = folder.assetcatalog; path = Assets.xcassets; sourceTree = "<group>"; };
		94E93A892F007265007FD2BA /* Swiggy-Info.plist */ = {isa = PBXFileReference; lastKnownFileType = text.plist; path = "Swiggy-Info.plist"; sourceTree = "<group>"; };
/* End PBXFileReference section */

/* Begin PBXFileSystemSynchronizedBuildFileExceptionSet section */
		949F62ED2F13EBD800A0154A /* Exceptions for "Food" folder in "Swiggy" target */ = {
			isa = PBXFileSystemSynchronizedBuildFileExceptionSet;
			membershipExceptions = (
				View/FoodView.swift,
			);
			target = 94E939932F006511007FD2BA /* Swiggy */;
		};
/* End PBXFileSystemSynchronizedBuildFileExceptionSet section */

/* Begin PBXFileSystemSynchronizedRootGroup section */
		949F62E82F13EB9600A0154A /* Food */ = {
			isa = PBXFileSystemSynchronizedRootGroup;
			exceptions = (
				949F62ED2F13EBD800A0154A /* Exceptions for "Food" folder in "Swiggy" target */,
			);
			path = Food;
			sourceTree = "<group>";
		};
		94E939A42F006512007FD2BA /* SwiggyTests */ = {
			isa = PBXFileSystemSynchronizedRootGroup;
			path = SwiggyTests;
			sourceTree = "<group>";
		};
		94E939AE2F006512007FD2BA /* SwiggyUITests */ = {
			isa = PBXFileSystemSynchronizedRootGroup;
			path = SwiggyUITests;
			sourceTree = "<group>";
		};
		94E93A412F00704D007FD2BA /* AppEntry */ = {
			isa = PBXFileSystemSynchronizedRootGroup;
			path = AppEntry;
			sourceTree = "<group>";
		};
		94E93A5B2F0070C3007FD2BA /* Core */ = {
			isa = PBXFileSystemSynchronizedRootGroup;
			path = Core;
			sourceTree = "<group>";
		};
		94E93A712F0070C9007FD2BA /* Resources */ = {
			isa = PBXFileSystemSynchronizedRootGroup;
			path = Resources;
			sourceTree = "<group>";
		};
		94E93A8C2F007677007FD2BA /* MainTab */ = {
			isa = PBXFileSystemSynchronizedRootGroup;
			path = MainTab;
			sourceTree = "<group>";
		};
		94E93A982F008041007FD2BA /* Home */ = {
			isa = PBXFileSystemSynchronizedRootGroup;
			path = Home;
			sourceTree = "<group>";
		};
		94E93AE42F00E77F007FD2BA /* UIComponents */ = {
			isa = PBXFileSystemSynchronizedRootGroup;
			path = UIComponents;
			sourceTree = "<group>";
		};
/* End PBXFileSystemSynchronizedRootGroup section */

/* Begin PBXFrameworksBuildPhase section */
		94E939912F006511007FD2BA /* Frameworks */ = {
			isa = PBXFrameworksBuildPhase;
			buildActionMask = 2147483647;
			files = (
			);
			runOnlyForDeploymentPostprocessing = 0;
		};
		94E9399E2F006512007FD2BA /* Frameworks */ = {
			isa = PBXFrameworksBuildPhase;
			buildActionMask = 2147483647;
			files = (
			);
			runOnlyForDeploymentPostprocessing = 0;
		};
		94E939A82F006512007FD2BA /* Frameworks */ = {
			isa = PBXFrameworksBuildPhase;
			buildActionMask = 2147483647;
			files = (
			);
			runOnlyForDeploymentPostprocessing = 0;
		};
/* End PBXFrameworksBuildPhase section */

/* Begin PBXGroup section */
		94E9398B2F006511007FD2BA = {
			isa = PBXGroup;
			children = (
				94E93A892F007265007FD2BA /* Swiggy-Info.plist */,
				94E93A412F00704D007FD2BA /* AppEntry */,
				94E93A982F008041007FD2BA /* Home */,
				949F62E82F13EB9600A0154A /* Food */,
				94E93A8C2F007677007FD2BA /* MainTab */,
				94E93AE42F00E77F007FD2BA /* UIComponents */,
				94E93A712F0070C9007FD2BA /* Resources */,
				94E93A5B2F0070C3007FD2BA /* Core */,
				94E93A402F00704D007FD2BA /* Assets.xcassets */,
				94E939A42F006512007FD2BA /* SwiggyTests */,
				94E939AE2F006512007FD2BA /* SwiggyUITests */,
				94E939952F006511007FD2BA /* Products */,
			);
			sourceTree = "<group>";
		};
		94E939952F006511007FD2BA /* Products */ = {
			isa = PBXGroup;
			children = (
				94E939942F006511007FD2BA /* Swiggy.app */,
				94E939A12F006512007FD2BA /* SwiggyTests.xctest */,
				94E939AB2F006512007FD2BA /* SwiggyUITests.xctest */,
			);
			name = Products;
			sourceTree = "<group>";
		};
/* End PBXGroup section */

/* Begin PBXNativeTarget section */
		94E939932F006511007FD2BA /* Swiggy */ = {
			isa = PBXNativeTarget;
			buildConfigurationList = 94E939B52F006512007FD2BA /* Build configuration list for PBXNativeTarget "Swiggy" */;
			buildPhases = (
				94E939902F006511007FD2BA /* Sources */,
				94E939912F006511007FD2BA /* Frameworks */,
				94E939922F006511007FD2BA /* Resources */,
			);
			buildRules = (
			);
			dependencies = (
			);
			fileSystemSynchronizedGroups = (
				94E93A412F00704D007FD2BA /* AppEntry */,
				94E93A5B2F0070C3007FD2BA /* Core */,
				94E93A712F0070C9007FD2BA /* Resources */,
				94E93A8C2F007677007FD2BA /* MainTab */,
				94E93A982F008041007FD2BA /* Home */,
				94E93AE42F00E77F007FD2BA /* UIComponents */,
			);
			name = Swiggy;
			packageProductDependencies = (
			);
			productName = Swiggy;
			productReference = 94E939942F006511007FD2BA /* Swiggy.app */;
			productType = "com.apple.product-type.application";
		};
		94E939A02F006512007FD2BA /* SwiggyTests */ = {
			isa = PBXNativeTarget;
			buildConfigurationList = 94E939B82F006512007FD2BA /* Build configuration list for PBXNativeTarget "SwiggyTests" */;
			buildPhases = (
				94E9399D2F006512007FD2BA /* Sources */,
				94E9399E2F006512007FD2BA /* Frameworks */,
				94E9399F2F006512007FD2BA /* Resources */,
			);
			buildRules = (
			);
			dependencies = (
				94E939A32F006512007FD2BA /* PBXTargetDependency */,
			);
			fileSystemSynchronizedGroups = (
				94E939A42F006512007FD2BA /* SwiggyTests */,
			);
			name = SwiggyTests;
			packageProductDependencies = (
			);
			productName = SwiggyTests;
			productReference = 94E939A12F006512007FD2BA /* SwiggyTests.xctest */;
			productType = "com.apple.product-type.bundle.unit-test";
		};
		94E939AA2F006512007FD2BA /* SwiggyUITests */ = {
			isa = PBXNativeTarget;
			buildConfigurationList = 94E939BB2F006512007FD2BA /* Build configuration list for PBXNativeTarget "SwiggyUITests" */;
			buildPhases = (
				94E939A72F006512007FD2BA /* Sources */,
				94E939A82F006512007FD2BA /* Frameworks */,
				94E939A92F006512007FD2BA /* Resources */,
			);
			buildRules = (
			);
			dependencies = (
				94E939AD2F006512007FD2BA /* PBXTargetDependency */,
			);
			fileSystemSynchronizedGroups = (
				94E939AE2F006512007FD2BA /* SwiggyUITests */,
			);
			name = SwiggyUITests;
			packageProductDependencies = (
			);
			productName = SwiggyUITests;
			productReference = 94E939AB2F006512007FD2BA /* SwiggyUITests.xctest */;
			productType = "com.apple.product-type.bundle.ui-testing";
		};
/* End PBXNativeTarget section */

/* Begin PBXProject section */
		94E9398C2F006511007FD2BA /* Project object */ = {
			isa = PBXProject;
			attributes = {
				BuildIndependentTargetsInParallel = 1;
				LastSwiftUpdateCheck = 2600;
				LastUpgradeCheck = 2600;
				TargetAttributes = {
					94E939932F006511007FD2BA = {
						CreatedOnToolsVersion = 26.0;
					};
					94E939A02F006512007FD2BA = {
						CreatedOnToolsVersion = 26.0;
						TestTargetID = 94E939932F006511007FD2BA;
					};
					94E939AA2F006512007FD2BA = {
						CreatedOnToolsVersion = 26.0;
						TestTargetID = 94E939932F006511007FD2BA;
					};
				};
			};
			buildConfigurationList = 94E9398F2F006511007FD2BA /* Build configuration list for PBXProject "Swiggy" */;
			developmentRegion = en;
			hasScannedForEncodings = 0;
			knownRegions = (
				en,
				Base,
			);
			mainGroup = 94E9398B2F006511007FD2BA;
			minimizedProjectReferenceProxies = 1;
			preferredProjectObjectVersion = 77;
			productRefGroup = 94E939952F006511007FD2BA /* Products */;
			projectDirPath = "";
			projectRoot = "";
			targets = (
				94E939932F006511007FD2BA /* Swiggy */,
				94E939A02F006512007FD2BA /* SwiggyTests */,
				94E939AA2F006512007FD2BA /* SwiggyUITests */,
			);
		};
/* End PBXProject section */

/* Begin PBXResourcesBuildPhase section */
		94E939922F006511007FD2BA /* Resources */ = {
			isa = PBXResourcesBuildPhase;
			buildActionMask = 2147483647;
			files = (
				94E93A482F00704D007FD2BA /* Assets.xcassets in Resources */,
			);
			runOnlyForDeploymentPostprocessing = 0;
		};
		94E9399F2F006512007FD2BA /* Resources */ = {
			isa = PBXResourcesBuildPhase;
			buildActionMask = 2147483647;
			files = (
			);
			runOnlyForDeploymentPostprocessing = 0;
		};
		94E939A92F006512007FD2BA /* Resources */ = {
			isa = PBXResourcesBuildPhase;
			buildActionMask = 2147483647;
			files = (
			);
			runOnlyForDeploymentPostprocessing = 0;
		};
/* End PBXResourcesBuildPhase section */

/* Begin PBXSourcesBuildPhase section */
		94E939902F006511007FD2BA /* Sources */ = {
			isa = PBXSourcesBuildPhase;
			buildActionMask = 2147483647;
			files = (
			);
			runOnlyForDeploymentPostprocessing = 0;
		};
		94E9399D2F006512007FD2BA /* Sources */ = {
			isa = PBXSourcesBuildPhase;
			buildActionMask = 2147483647;
			files = (
			);
			runOnlyForDeploymentPostprocessing = 0;
		};
		94E939A72F006512007FD2BA /* Sources */ = {
			isa = PBXSourcesBuildPhase;
			buildActionMask = 2147483647;
			files = (
			);
			runOnlyForDeploymentPostprocessing = 0;
		};
/* End PBXSourcesBuildPhase section */

/* Begin PBXTargetDependency section */
		94E939A32F006512007FD2BA /* PBXTargetDependency */ = {
			isa = PBXTargetDependency;
			target = 94E939932F006511007FD2BA /* Swiggy */;
			targetProxy = 94E939A22F006512007FD2BA /* PBXContainerItemProxy */;
		};
		94E939AD2F006512007FD2BA /* PBXTargetDependency */ = {
			isa = PBXTargetDependency;
			target = 94E939932F006511007FD2BA /* Swiggy */;
			targetProxy = 94E939AC2F006512007FD2BA /* PBXContainerItemProxy */;
		};
/* End PBXTargetDependency section */

/* Begin XCBuildConfiguration section */
		94E939B32F006512007FD2BA /* Debug */ = {
			isa = XCBuildConfiguration;
			buildSettings = {
				ALWAYS_SEARCH_USER_PATHS = NO;
				ASSETCATALOG_COMPILER_GENERATE_SWIFT_ASSET_SYMBOL_EXTENSIONS = YES;
				CLANG_ANALYZER_NONNULL = YES;
				CLANG_ANALYZER_NUMBER_OBJECT_CONVERSION = YES_AGGRESSIVE;
				CLANG_CXX_LANGUAGE_STANDARD = "gnu++20";
				CLANG_ENABLE_MODULES = YES;
				CLANG_ENABLE_OBJC_ARC = YES;
				CLANG_ENABLE_OBJC_WEAK = YES;
				CLANG_WARN_BLOCK_CAPTURE_AUTORELEASING = YES;
				CLANG_WARN_BOOL_CONVERSION = YES;
				CLANG_WARN_COMMA = YES;
				CLANG_WARN_CONSTANT_CONVERSION = YES;
				CLANG_WARN_DEPRECATED_OBJC_IMPLEMENTATIONS = YES;
				CLANG_WARN_DIRECT_OBJC_ISA_USAGE = YES_ERROR;
				CLANG_WARN_DOCUMENTATION_COMMENTS = YES;
				CLANG_WARN_EMPTY_BODY = YES;
				CLANG_WARN_ENUM_CONVERSION = YES;
				CLANG_WARN_INFINITE_RECURSION = YES;
				CLANG_WARN_INT_CONVERSION = YES;
				CLANG_WARN_NON_LITERAL_NULL_CONVERSION = YES;
				CLANG_WARN_OBJC_IMPLICIT_RETAIN_SELF = YES;
				CLANG_WARN_OBJC_LITERAL_CONVERSION = YES;
				CLANG_WARN_OBJC_ROOT_CLASS = YES_ERROR;
				CLANG_WARN_QUOTED_INCLUDE_IN_FRAMEWORK_HEADER = YES;
				CLANG_WARN_RANGE_LOOP_ANALYSIS = YES;
				CLANG_WARN_STRICT_PROTOTYPES = YES;
				CLANG_WARN_SUSPICIOUS_MOVE = YES;
				CLANG_WARN_UNGUARDED_AVAILABILITY = YES_AGGRESSIVE;
				CLANG_WARN_UNREACHABLE_CODE = YES;
				CLANG_WARN__DUPLICATE_METHOD_MATCH = YES;
				COPY_PHASE_STRIP = NO;
				DEBUG_INFORMATION_FORMAT = dwarf;
				ENABLE_STRICT_OBJC_MSGSEND = YES;
				ENABLE_TESTABILITY = YES;
				ENABLE_USER_SCRIPT_SANDBOXING = YES;
				GCC_C_LANGUAGE_STANDARD = gnu17;
				GCC_DYNAMIC_NO_PIC = NO;
				GCC_NO_COMMON_BLOCKS = YES;
				GCC_OPTIMIZATION_LEVEL = 0;
				GCC_PREPROCESSOR_DEFINITIONS = (
					"DEBUG=1",
					"$(inherited)",
				);
				GCC_WARN_64_TO_32_BIT_CONVERSION = YES;
				GCC_WARN_ABOUT_RETURN_TYPE = YES_ERROR;
				GCC_WARN_UNDECLARED_SELECTOR = YES;
				GCC_WARN_UNINITIALIZED_AUTOS = YES_AGGRESSIVE;
				GCC_WARN_UNUSED_FUNCTION = YES;
				GCC_WARN_UNUSED_VARIABLE = YES;
				IPHONEOS_DEPLOYMENT_TARGET = 26.0;
				LOCALIZATION_PREFERS_STRING_CATALOGS = YES;
				MTL_ENABLE_DEBUG_INFO = INCLUDE_SOURCE;
				MTL_FAST_MATH = YES;
				ONLY_ACTIVE_ARCH = YES;
				SDKROOT = iphoneos;
				SWIFT_ACTIVE_COMPILATION_CONDITIONS = "DEBUG $(inherited)";
				SWIFT_OPTIMIZATION_LEVEL = "-Onone";
			};
			name = Debug;
		};
		94E939B42F006512007FD2BA /* Release */ = {
			isa = XCBuildConfiguration;
			buildSettings = {
				ALWAYS_SEARCH_USER_PATHS = NO;
				ASSETCATALOG_COMPILER_GENERATE_SWIFT_ASSET_SYMBOL_EXTENSIONS = YES;
				CLANG_ANALYZER_NONNULL = YES;
				CLANG_ANALYZER_NUMBER_OBJECT_CONVERSION = YES_AGGRESSIVE;
				CLANG_CXX_LANGUAGE_STANDARD = "gnu++20";
				CLANG_ENABLE_MODULES = YES;
				CLANG_ENABLE_OBJC_ARC = YES;
				CLANG_ENABLE_OBJC_WEAK = YES;
				CLANG_WARN_BLOCK_CAPTURE_AUTORELEASING = YES;
				CLANG_WARN_BOOL_CONVERSION = YES;
				CLANG_WARN_COMMA = YES;
				CLANG_WARN_CONSTANT_CONVERSION = YES;
				CLANG_WARN_DEPRECATED_OBJC_IMPLEMENTATIONS = YES;
				CLANG_WARN_DIRECT_OBJC_ISA_USAGE = YES_ERROR;
				CLANG_WARN_DOCUMENTATION_COMMENTS = YES;
				CLANG_WARN_EMPTY_BODY = YES;
				CLANG_WARN_ENUM_CONVERSION = YES;
				CLANG_WARN_INFINITE_RECURSION = YES;
				CLANG_WARN_INT_CONVERSION = YES;
				CLANG_WARN_NON_LITERAL_NULL_CONVERSION = YES;
				CLANG_WARN_OBJC_IMPLICIT_RETAIN_SELF = YES;
				CLANG_WARN_OBJC_LITERAL_CONVERSION = YES;
				CLANG_WARN_OBJC_ROOT_CLASS = YES_ERROR;
				CLANG_WARN_QUOTED_INCLUDE_IN_FRAMEWORK_HEADER = YES;
				CLANG_WARN_RANGE_LOOP_ANALYSIS = YES;
				CLANG_WARN_STRICT_PROTOTYPES = YES;
				CLANG_WARN_SUSPICIOUS_MOVE = YES;
				CLANG_WARN_UNGUARDED_AVAILABILITY = YES_AGGRESSIVE;
				CLANG_WARN_UNREACHABLE_CODE = YES;
				CLANG_WARN__DUPLICATE_METHOD_MATCH = YES;
				COPY_PHASE_STRIP = NO;
				DEBUG_INFORMATION_FORMAT = "dwarf-with-dsym";
				ENABLE_NS_ASSERTIONS = NO;
				ENABLE_STRICT_OBJC_MSGSEND = YES;
				ENABLE_USER_SCRIPT_SANDBOXING = YES;
				GCC_C_LANGUAGE_STANDARD = gnu17;
				GCC_NO_COMMON_BLOCKS = YES;
				GCC_WARN_64_TO_32_BIT_CONVERSION = YES;
				GCC_WARN_ABOUT_RETURN_TYPE = YES_ERROR;
				GCC_WARN_UNDECLARED_SELECTOR = YES;
				GCC_WARN_UNINITIALIZED_AUTOS = YES_AGGRESSIVE;
				GCC_WARN_UNUSED_FUNCTION = YES;
				GCC_WARN_UNUSED_VARIABLE = YES;
				IPHONEOS_DEPLOYMENT_TARGET = 26.0;
				LOCALIZATION_PREFERS_STRING_CATALOGS = YES;
				MTL_ENABLE_DEBUG_INFO = NO;
				MTL_FAST_MATH = YES;
				SDKROOT = iphoneos;
				SWIFT_COMPILATION_MODE = wholemodule;
				VALIDATE_PRODUCT = YES;
			};
			name = Release;
		};
		94E939B62F006512007FD2BA /* Debug */ = {
			isa = XCBuildConfiguration;
			buildSettings = {
				ASSETCATALOG_COMPILER_APPICON_NAME = AppIcon;
				ASSETCATALOG_COMPILER_GLOBAL_ACCENT_COLOR_NAME = AccentColor;
				CODE_SIGN_STYLE = Automatic;
				CURRENT_PROJECT_VERSION = 1;
				ENABLE_PREVIEWS = YES;
				GENERATE_INFOPLIST_FILE = YES;
				INFOPLIST_FILE = "Swiggy-Info.plist";
				INFOPLIST_KEY_UIApplicationSceneManifest_Generation = YES;
				INFOPLIST_KEY_UIApplicationSupportsIndirectInputEvents = YES;
				INFOPLIST_KEY_UILaunchScreen_Generation = YES;
				INFOPLIST_KEY_UISupportedInterfaceOrientations_iPad = "UIInterfaceOrientationPortrait UIInterfaceOrientationPortraitUpsideDown UIInterfaceOrientationLandscapeLeft UIInterfaceOrientationLandscapeRight";
				INFOPLIST_KEY_UISupportedInterfaceOrientations_iPhone = "UIInterfaceOrientationPortrait UIInterfaceOrientationLandscapeLeft UIInterfaceOrientationLandscapeRight";
				LD_RUNPATH_SEARCH_PATHS = (
					"$(inherited)",
					"@executable_path/Frameworks",
				);
				MARKETING_VERSION = 1.0;
				PRODUCT_BUNDLE_IDENTIFIER = com.Swiggy;
				PRODUCT_NAME = "$(TARGET_NAME)";
				STRING_CATALOG_GENERATE_SYMBOLS = YES;
				SWIFT_APPROACHABLE_CONCURRENCY = YES;
				SWIFT_DEFAULT_ACTOR_ISOLATION = MainActor;
				SWIFT_EMIT_LOC_STRINGS = YES;
				SWIFT_UPCOMING_FEATURE_MEMBER_IMPORT_VISIBILITY = YES;
				SWIFT_VERSION = 5.0;
				TARGETED_DEVICE_FAMILY = "1,2";
			};
			name = Debug;
		};
		94E939B72F006512007FD2BA /* Release */ = {
			isa = XCBuildConfiguration;
			buildSettings = {
				ASSETCATALOG_COMPILER_APPICON_NAME = AppIcon;
				ASSETCATALOG_COMPILER_GLOBAL_ACCENT_COLOR_NAME = AccentColor;
				CODE_SIGN_STYLE = Automatic;
				CURRENT_PROJECT_VERSION = 1;
				ENABLE_PREVIEWS = YES;
				GENERATE_INFOPLIST_FILE = YES;
				INFOPLIST_FILE = "Swiggy-Info.plist";
				INFOPLIST_KEY_UIApplicationSceneManifest_Generation = YES;
				INFOPLIST_KEY_UIApplicationSupportsIndirectInputEvents = YES;
				INFOPLIST_KEY_UILaunchScreen_Generation = YES;
				INFOPLIST_KEY_UISupportedInterfaceOrientations_iPad = "UIInterfaceOrientationPortrait UIInterfaceOrientationPortraitUpsideDown UIInterfaceOrientationLandscapeLeft UIInterfaceOrientationLandscapeRight";
				INFOPLIST_KEY_UISupportedInterfaceOrientations_iPhone = "UIInterfaceOrientationPortrait UIInterfaceOrientationLandscapeLeft UIInterfaceOrientationLandscapeRight";
				LD_RUNPATH_SEARCH_PATHS = (
					"$(inherited)",
					"@executable_path/Frameworks",
				);
				MARKETING_VERSION = 1.0;
				PRODUCT_BUNDLE_IDENTIFIER = com.Swiggy;
				PRODUCT_NAME = "$(TARGET_NAME)";
				STRING_CATALOG_GENERATE_SYMBOLS = YES;
				SWIFT_APPROACHABLE_CONCURRENCY = YES;
				SWIFT_DEFAULT_ACTOR_ISOLATION = MainActor;
				SWIFT_EMIT_LOC_STRINGS = YES;
				SWIFT_UPCOMING_FEATURE_MEMBER_IMPORT_VISIBILITY = YES;
				SWIFT_VERSION = 5.0;
				TARGETED_DEVICE_FAMILY = "1,2";
			};
			name = Release;
		};
		94E939B92F006512007FD2BA /* Debug */ = {
			isa = XCBuildConfiguration;
			buildSettings = {
				BUNDLE_LOADER = "$(TEST_HOST)";
				CODE_SIGN_STYLE = Automatic;
				CURRENT_PROJECT_VERSION = 1;
				GENERATE_INFOPLIST_FILE = YES;
				IPHONEOS_DEPLOYMENT_TARGET = 26.0;
				MARKETING_VERSION = 1.0;
				PRODUCT_BUNDLE_IDENTIFIER = com.SwiggyTests;
				PRODUCT_NAME = "$(TARGET_NAME)";
				STRING_CATALOG_GENERATE_SYMBOLS = NO;
				SWIFT_APPROACHABLE_CONCURRENCY = YES;
				SWIFT_EMIT_LOC_STRINGS = NO;
				SWIFT_UPCOMING_FEATURE_MEMBER_IMPORT_VISIBILITY = YES;
				SWIFT_VERSION = 5.0;
				TARGETED_DEVICE_FAMILY = "1,2";
				TEST_HOST = "$(BUILT_PRODUCTS_DIR)/Swiggy.app/$(BUNDLE_EXECUTABLE_FOLDER_PATH)/Swiggy";
			};
			name = Debug;
		};
		94E939BA2F006512007FD2BA /* Release */ = {
			isa = XCBuildConfiguration;
			buildSettings = {
				BUNDLE_LOADER = "$(TEST_HOST)";
				CODE_SIGN_STYLE = Automatic;
				CURRENT_PROJECT_VERSION = 1;
				GENERATE_INFOPLIST_FILE = YES;
				IPHONEOS_DEPLOYMENT_TARGET = 26.0;
				MARKETING_VERSION = 1.0;
				PRODUCT_BUNDLE_IDENTIFIER = com.SwiggyTests;
				PRODUCT_NAME = "$(TARGET_NAME)";
				STRING_CATALOG_GENERATE_SYMBOLS = NO;
				SWIFT_APPROACHABLE_CONCURRENCY = YES;
				SWIFT_EMIT_LOC_STRINGS = NO;
				SWIFT_UPCOMING_FEATURE_MEMBER_IMPORT_VISIBILITY = YES;
				SWIFT_VERSION = 5.0;
				TARGETED_DEVICE_FAMILY = "1,2";
				TEST_HOST = "$(BUILT_PRODUCTS_DIR)/Swiggy.app/$(BUNDLE_EXECUTABLE_FOLDER_PATH)/Swiggy";
			};
			name = Release;
		};
		94E939BC2F006512007FD2BA /* Debug */ = {
			isa = XCBuildConfiguration;
			buildSettings = {
				CODE_SIGN_STYLE = Automatic;
				CURRENT_PROJECT_VERSION = 1;
				GENERATE_INFOPLIST_FILE = YES;
				MARKETING_VERSION = 1.0;
				PRODUCT_BUNDLE_IDENTIFIER = com.SwiggyUITests;
				PRODUCT_NAME = "$(TARGET_NAME)";
				STRING_CATALOG_GENERATE_SYMBOLS = NO;
				SWIFT_APPROACHABLE_CONCURRENCY = YES;
				SWIFT_EMIT_LOC_STRINGS = NO;
				SWIFT_UPCOMING_FEATURE_MEMBER_IMPORT_VISIBILITY = YES;
				SWIFT_VERSION = 5.0;
				TARGETED_DEVICE_FAMILY = "1,2";
				TEST_TARGET_NAME = Swiggy;
			};
			name = Debug;
		};
		94E939BD2F006512007FD2BA /* Release */ = {
			isa = XCBuildConfiguration;
			buildSettings = {
				CODE_SIGN_STYLE = Automatic;
				CURRENT_PROJECT_VERSION = 1;
				GENERATE_INFOPLIST_FILE = YES;
				MARKETING_VERSION = 1.0;
				PRODUCT_BUNDLE_IDENTIFIER = com.SwiggyUITests;
				PRODUCT_NAME = "$(TARGET_NAME)";
				STRING_CATALOG_GENERATE_SYMBOLS = NO;
				SWIFT_APPROACHABLE_CONCURRENCY = YES;
				SWIFT_EMIT_LOC_STRINGS = NO;
				SWIFT_UPCOMING_FEATURE_MEMBER_IMPORT_VISIBILITY = YES;
				SWIFT_VERSION = 5.0;
				TARGETED_DEVICE_FAMILY = "1,2";
				TEST_TARGET_NAME = Swiggy;
			};
			name = Release;
		};
/* End XCBuildConfiguration section */

/* Begin XCConfigurationList section */
		94E9398F2F006511007FD2BA /* Build configuration list for PBXProject "Swiggy" */ = {
			isa = XCConfigurationList;
			buildConfigurations = (
				94E939B32F006512007FD2BA /* Debug */,
				94E939B42F006512007FD2BA /* Release */,
			);
			defaultConfigurationIsVisible = 0;
			defaultConfigurationName = Release;
		};
		94E939B52F006512007FD2BA /* Build configuration list for PBXNativeTarget "Swiggy" */ = {
			isa = XCConfigurationList;
			buildConfigurations = (
				94E939B62F006512007FD2BA /* Debug */,
				94E939B72F006512007FD2BA /* Release */,
			);
			defaultConfigurationIsVisible = 0;
			defaultConfigurationName = Release;
		};
		94E939B82F006512007FD2BA /* Build configuration list for PBXNativeTarget "SwiggyTests" */ = {
			isa = XCConfigurationList;
			buildConfigurations = (
				94E939B92F006512007FD2BA /* Debug */,
				94E939BA2F006512007FD2BA /* Release */,
			);
			defaultConfigurationIsVisible = 0;
			defaultConfigurationName = Release;
		};
		94E939BB2F006512007FD2BA /* Build configuration list for PBXNativeTarget "SwiggyUITests" */ = {
			isa = XCConfigurationList;
			buildConfigurations = (
				94E939BC2F006512007FD2BA /* Debug */,
				94E939BD2F006512007FD2BA /* Release */,
			);
			defaultConfigurationIsVisible = 0;
			defaultConfigurationName = Release;
		};
/* End XCConfigurationList section */
	};
	rootObject = 94E9398C2F006511007FD2BA /* Project object */;
}
